
Microsoft Visual Studio Solution File, Format Version 12.00
# Visual Studio Version 16
VisualStudioVersion = 16.0.30503.244
MinimumVisualStudioVersion = 10.0.40219.1
Project("{FAE04EC0-301F-11D3-BF4B-00C04F79EFBC}") = "games-db", "games-db\games-db.csproj", "{4A6A8AA2-DF2D-4088-9F9D-F60A6A828F49}"
EndProject
Global
	GlobalSection(SolutionConfigurationPlatforms) = preSolution
		Debug|Any CPU = Debug|Any CPU
		Release|Any CPU = Release|Any CPU
	EndGlobalSection
	GlobalSection(ProjectConfigurationPlatforms) = postSolution
		{4A6A8AA2-DF2D-4088-9F9D-F60A6A828F49}.Debug|Any CPU.ActiveCfg = Debug|Any CPU
		{4A6A8AA2-DF2D-4088-9F9D-F60A6A828F49}.Debug|Any CPU.Build.0 = Debug|Any CPU
		{4A6A8AA2-DF2D-4088-9F9D-F60A6A828F49}.Release|Any CPU.ActiveCfg = Release|Any CPU
		{4A6A8AA2-DF2D-4088-9F9D-F60A6A828F49}.Release|Any CPU.Build.0 = Release|Any CPU
	EndGlobalSection
	GlobalSection(SolutionProperties) = preSolution
		HideSolutionNode = FALSE
	EndGlobalSection
	GlobalSection(ExtensibilityGlobals) = postSolution
		SolutionGuid = {C8238C22-BF74-403D-A486-D87C3319944C}
	EndGlobalSection
EndGlobal
